
Microsoft Visual Studio Solution File, Format Version 12.00
# Visual Studio Version 17
VisualStudioVersion = 17.9.34622.214
MinimumVisualStudioVersion = 10.0.40219.1
Project("{2150E333-8FDC-42A3-9474-1A3956D46DE8}") = "src", "src", "{F60D129E-C611-4A6A-96C3-420E1E813009}"
EndProject
Project("{2150E333-8FDC-42A3-9474-1A3956D46DE8}") = "tests", "tests", "{AE064B58-8B8B-4F4F-AC6B-F7365B1228C2}"
EndProject
Project("{9A19103F-16F7-4668-BE54-9A1E7A4F7556}") = "Salesman.Domain", "src\Salesman.Domain\Salesman.Domain.csproj", "{9435AF07-A467-4A26-ABEB-389801993487}"
EndProject
Project("{9A19103F-16F7-4668-BE54-9A1E7A4F7556}") = "Salesman.Domain.Tests", "tests\Salesman.Domain.Tests\Salesman.Domain.Tests.csproj", "{3237860C-A1E0-491B-B37C-2AA88C1FFCB2}"
EndProject
Project("{9A19103F-16F7-4668-BE54-9A1E7A4F7556}") = "WpfUI", "src\WpfUI\WpfUI.csproj", "{B60B5E34-F76D-41C0-93B8-86D02DA2E3A8}"
EndProject
Project("{2150E333-8FDC-42A3-9474-1A3956D46DE8}") = "Solution Items", "Solution Items", "{B6B01839-06A0-4C94-A07F-07766C32D34E}"
	ProjectSection(SolutionItems) = preProject
		.gitattributes = .gitattributes
		.gitignore = .gitignore
		README.md = README.md
	EndProjectSection
EndProject
Global
	GlobalSection(SolutionConfigurationPlatforms) = preSolution
		Debug|Any CPU = Debug|Any CPU
		Release|Any CPU = Release|Any CPU
	EndGlobalSection
	GlobalSection(ProjectConfigurationPlatforms) = postSolution
		{9435AF07-A467-4A26-ABEB-389801993487}.Debug|Any CPU.ActiveCfg = Debug|Any CPU
		{9435AF07-A467-4A26-ABEB-389801993487}.Debug|Any CPU.Build.0 = Debug|Any CPU
		{9435AF07-A467-4A26-ABEB-389801993487}.Release|Any CPU.ActiveCfg = Release|Any CPU
		{9435AF07-A467-4A26-ABEB-389801993487}.Release|Any CPU.Build.0 = Release|Any CPU
		{3237860C-A1E0-491B-B37C-2AA88C1FFCB2}.Debug|Any CPU.ActiveCfg = Debug|Any CPU
		{3237860C-A1E0-491B-B37C-2AA88C1FFCB2}.Debug|Any CPU.Build.0 = Debug|Any CPU
		{3237860C-A1E0-491B-B37C-2AA88C1FFCB2}.Release|Any CPU.ActiveCfg = Release|Any CPU
		{3237860C-A1E0-491B-B37C-2AA88C1FFCB2}.Release|Any CPU.Build.0 = Release|Any CPU
		{B60B5E34-F76D-41C0-93B8-86D02DA2E3A8}.Debug|Any CPU.ActiveCfg = Debug|Any CPU
		{B60B5E34-F76D-41C0-93B8-86D02DA2E3A8}.Debug|Any CPU.Build.0 = Debug|Any CPU
		{B60B5E34-F76D-41C0-93B8-86D02DA2E3A8}.Release|Any CPU.ActiveCfg = Release|Any CPU
		{B60B5E34-F76D-41C0-93B8-86D02DA2E3A8}.Release|Any CPU.Build.0 = Release|Any CPU
	EndGlobalSection
	GlobalSection(SolutionProperties) = preSolution
		HideSolutionNode = FALSE
	EndGlobalSection
	GlobalSection(NestedProjects) = preSolution
		{9435AF07-A467-4A26-ABEB-389801993487} = {F60D129E-C611-4A6A-96C3-420E1E813009}
		{3237860C-A1E0-491B-B37C-2AA88C1FFCB2} = {AE064B58-8B8B-4F4F-AC6B-F7365B1228C2}
		{B60B5E34-F76D-41C0-93B8-86D02DA2E3A8} = {F60D129E-C611-4A6A-96C3-420E1E813009}
	EndGlobalSection
	GlobalSection(ExtensibilityGlobals) = postSolution
		SolutionGuid = {527F01E2-5B92-4E7D-978B-67BE4EFC4674}
	EndGlobalSection
EndGlobal
